// !$*UTF8*$!
{
	archiveVersion = 1;
	classes = {
	};
	objectVersion = 77;
	objects = {

/* Begin PBXBuildFile section */
		D40C16252EFFCB1F00DFCA4A /* ConfettiSwiftUI in Frameworks */ = {isa = PBXBuildFile; productRef = D4CONF1022F0E000000000002 /* ConfettiSwiftUI */; };
		D48CD6972EDF31D9004B9B44 /* Sparkle in Frameworks */ = {isa = PBXBuildFile; productRef = D48CD6982EDF31D9004B9B44 /* Sparkle */; };
		D48EA19C2ED3B90E00CC5B73 /* LaunchAtLogin in Frameworks */ = {isa = PBXBuildFile; productRef = D48EA1252ED3B88E00CC5B73 /* LaunchAtLogin */; };
		D48EA28C2ED3BACB00CC5B73 /* KeyboardShortcuts in Frameworks */ = {isa = PBXBuildFile; productRef = D48EA2152ED3B9D900CC5B73 /* KeyboardShortcuts */; };
		D4MARK0012F1000000000001 /* Markdown in Frameworks */ = {isa = PBXBuildFile; productRef = D4MARK0022F1000000000002 /* Markdown */; };
		D4STTV0042F2000000000004 /* STTextView in Frameworks */ = {isa = PBXBuildFile; productRef = D4STTV0052F2000000000005 /* STTextView */; };
/* End PBXBuildFile section */

/* Begin PBXContainerItemProxy section */
		D421EA7F2ED4DD0100B327EB /* PBXContainerItemProxy */ = {
			isa = PBXContainerItemProxy;
			containerPortal = E8AC08122EC11FBB008E37E6 /* Project object */;
			proxyType = 1;
			remoteGlobalIDString = E8AC08192EC11FBB008E37E6;
			remoteInfo = TextWarden;
		};
/* End PBXContainerItemProxy section */

/* Begin PBXFileReference section */
		D421EA7B2ED4DD0100B327EB /* TextWardenTests.xctest */ = {isa = PBXFileReference; explicitFileType = wrapper.cfbundle; includeInIndex = 0; path = TextWardenTests.xctest; sourceTree = BUILT_PRODUCTS_DIR; };
		E8AC081A2EC11FBB008E37E6 /* TextWarden.app */ = {isa = PBXFileReference; explicitFileType = wrapper.application; includeInIndex = 0; path = TextWarden.app; sourceTree = BUILT_PRODUCTS_DIR; };
/* End PBXFileReference section */

/* Begin PBXFileSystemSynchronizedRootGroup section */
		D421EA7C2ED4DD0100B327EB /* Tests */ = {
			isa = PBXFileSystemSynchronizedRootGroup;
			path = Tests;
			sourceTree = "<group>";
		};
		E8AC081C2EC11FBB008E37E6 /* Sources */ = {
			isa = PBXFileSystemSynchronizedRootGroup;
			path = Sources;
			sourceTree = "<group>";
		};
/* End PBXFileSystemSynchronizedRootGroup section */

/* Begin PBXFrameworksBuildPhase section */
		D421EA782ED4DD0100B327EB /* Frameworks */ = {
			isa = PBXFrameworksBuildPhase;
			buildActionMask = 2147483647;
			files = (
			);
			runOnlyForDeploymentPostprocessing = 0;
		};
		E8AC08172EC11FBB008E37E6 /* Frameworks */ = {
			isa = PBXFrameworksBuildPhase;
			buildActionMask = 2147483647;
			files = (
				D40C16252EFFCB1F00DFCA4A /* ConfettiSwiftUI in Frameworks */,
				D48EA28C2ED3BACB00CC5B73 /* KeyboardShortcuts in Frameworks */,
				D48EA19C2ED3B90E00CC5B73 /* LaunchAtLogin in Frameworks */,
				D4MARK0012F1000000000001 /* Markdown in Frameworks */,
				D48CD6972EDF31D9004B9B44 /* Sparkle in Frameworks */,
				D4STTV0042F2000000000004 /* STTextView in Frameworks */,
			);
			runOnlyForDeploymentPostprocessing = 0;
		};
/* End PBXFrameworksBuildPhase section */

/* Begin PBXGroup section */
		E8AC08112EC11FBB008E37E6 = {
			isa = PBXGroup;
			children = (
				E8AC081C2EC11FBB008E37E6 /* Sources */,
				D421EA7C2ED4DD0100B327EB /* Tests */,
				E8AC081B2EC11FBB008E37E6 /* Products */,
			);
			sourceTree = "<group>";
		};
		E8AC081B2EC11FBB008E37E6 /* Products */ = {
			isa = PBXGroup;
			children = (
				E8AC081A2EC11FBB008E37E6 /* TextWarden.app */,
				D421EA7B2ED4DD0100B327EB /* TextWardenTests.xctest */,
			);
			name = Products;
			sourceTree = "<group>";
		};
/* End PBXGroup section */

/* Begin PBXNativeTarget section */
		D421EA7A2ED4DD0100B327EB /* TextWardenTests */ = {
			isa = PBXNativeTarget;
			buildConfigurationList = D421EA832ED4DD0100B327EB /* Build configuration list for PBXNativeTarget "TextWardenTests" */;
			buildPhases = (
				D421EA772ED4DD0100B327EB /* Sources */,
				D421EA782ED4DD0100B327EB /* Frameworks */,
				D421EA792ED4DD0100B327EB /* Resources */,
			);
			buildRules = (
			);
			dependencies = (
				D421EA802ED4DD0100B327EB /* PBXTargetDependency */,
			);
			fileSystemSynchronizedGroups = (
				D421EA7C2ED4DD0100B327EB /* Tests */,
			);
			name = TextWardenTests;
			packageProductDependencies = (
			);
			productName = TextWardenTests;
			productReference = D421EA7B2ED4DD0100B327EB /* TextWardenTests.xctest */;
			productType = "com.apple.product-type.bundle.unit-test";
		};
		E8AC08192EC11FBB008E37E6 /* TextWarden */ = {
			isa = PBXNativeTarget;
			buildConfigurationList = E8AC08252EC11FBD008E37E6 /* Build configuration list for PBXNativeTarget "TextWarden" */;
			buildPhases = (
				E8AC086E2EC12139008E37E6 /* Build Rust Grammar Engine */,
				E8AC08162EC11FBB008E37E6 /* Sources */,
				E8AC08172EC11FBB008E37E6 /* Frameworks */,
				E8AC08182EC11FBB008E37E6 /* Resources */,
				D4HELP0012F0000000000001 /* Copy Help Book */,
			);
			buildRules = (
			);
			dependencies = (
			);
			fileSystemSynchronizedGroups = (
				E8AC081C2EC11FBB008E37E6 /* Sources */,
			);
			name = TextWarden;
			packageProductDependencies = (
				D48EA1252ED3B88E00CC5B73 /* LaunchAtLogin */,
				D48EA2152ED3B9D900CC5B73 /* KeyboardShortcuts */,
				D48CD6982EDF31D9004B9B44 /* Sparkle */,
				D4CONF1022F0E000000000002 /* ConfettiSwiftUI */,
				D4MARK0022F1000000000002 /* Markdown */,
				D4STTV0052F2000000000005 /* STTextView */,
			);
			productName = TextWarden;
			productReference = E8AC081A2EC11FBB008E37E6 /* TextWarden.app */;
			productType = "com.apple.product-type.application";
		};
/* End PBXNativeTarget section */

/* Begin PBXProject section */
		E8AC08122EC11FBB008E37E6 /* Project object */ = {
			isa = PBXProject;
			attributes = {
				BuildIndependentTargetsInParallel = 1;
				LastSwiftUpdateCheck = 2610;
				LastUpgradeCheck = 2620;
				TargetAttributes = {
					D421EA7A2ED4DD0100B327EB = {
						CreatedOnToolsVersion = 26.1.1;
						TestTargetID = E8AC08192EC11FBB008E37E6;
					};
					E8AC08192EC11FBB008E37E6 = {
						CreatedOnToolsVersion = 26.1;
					};
				};
			};
			buildConfigurationList = E8AC08152EC11FBB008E37E6 /* Build configuration list for PBXProject "TextWarden" */;
			developmentRegion = en;
			hasScannedForEncodings = 0;
			knownRegions = (
				en,
				Base,
			);
			mainGroup = E8AC08112EC11FBB008E37E6;
			minimizedProjectReferenceProxies = 1;
			packageReferences = (
				D48EA1242ED3B88E00CC5B73 /* XCRemoteSwiftPackageReference "LaunchAtLogin-Modern" */,
				D48EA2142ED3B9D900CC5B73 /* XCRemoteSwiftPackageReference "KeyboardShortcuts" */,
				D48CD6962EDF31D9004B9B44 /* XCRemoteSwiftPackageReference "Sparkle" */,
				D4CONF1012F0E000000000001 /* XCRemoteSwiftPackageReference "ConfettiSwiftUI" */,
				D4MARK0032F1000000000003 /* XCRemoteSwiftPackageReference "swift-markdown" */,
				D4STTV0032F2000000000003 /* XCRemoteSwiftPackageReference "STTextView" */,
			);
			preferredProjectObjectVersion = 77;
			productRefGroup = E8AC081B2EC11FBB008E37E6 /* Products */;
			projectDirPath = "";
			projectRoot = "";
			targets = (
				E8AC08192EC11FBB008E37E6 /* TextWarden */,
				D421EA7A2ED4DD0100B327EB /* TextWardenTests */,
			);
		};
/* End PBXProject section */

/* Begin PBXResourcesBuildPhase section */
		D421EA792ED4DD0100B327EB /* Resources */ = {
			isa = PBXResourcesBuildPhase;
			buildActionMask = 2147483647;
			files = (
			);
			runOnlyForDeploymentPostprocessing = 0;
		};
		E8AC08182EC11FBB008E37E6 /* Resources */ = {
			isa = PBXResourcesBuildPhase;
			buildActionMask = 2147483647;
			files = (
			);
			runOnlyForDeploymentPostprocessing = 0;
		};
/* End PBXResourcesBuildPhase section */

/* Begin PBXShellScriptBuildPhase section */
		D4HELP0012F0000000000001 /* Copy Help Book */ = {
			isa = PBXShellScriptBuildPhase;
			buildActionMask = 2147483647;
			files = (
			);
			inputFileListPaths = (
			);
			inputPaths = (
				"$(PROJECT_DIR)/Resources/TextWarden.help",
			);
			name = "Copy Help Book";
			outputFileListPaths = (
			);
			outputPaths = (
				"$(BUILT_PRODUCTS_DIR)/$(PRODUCT_NAME).app/Contents/Resources/TextWarden.help",
			);
			runOnlyForDeploymentPostprocessing = 0;
			shellPath = /bin/sh;
			shellScript = "# Copy Help Book to app bundle\ncp -R \"${PROJECT_DIR}/Resources/TextWarden.help\" \"${BUILT_PRODUCTS_DIR}/${PRODUCT_NAME}.app/Contents/Resources/\"\n";
		};
		E8AC086E2EC12139008E37E6 /* Build Rust Grammar Engine */ = {
			isa = PBXShellScriptBuildPhase;
			buildActionMask = 2147483647;
			files = (
			);
			inputFileListPaths = (
			);
			inputPaths = (
			);
			name = "Build Rust Grammar Engine";
			outputFileListPaths = (
			);
			outputPaths = (
				"$(PROJECT_DIR)/GrammarEngine/target/libgrammar_engine_universal.a",
			);
			runOnlyForDeploymentPostprocessing = 0;
			shellPath = /bin/sh;
			shellScript = "${PROJECT_DIR}/Scripts/build-rust.sh\n";
		};
/* End PBXShellScriptBuildPhase section */

/* Begin PBXSourcesBuildPhase section */
		D421EA772ED4DD0100B327EB /* Sources */ = {
			isa = PBXSourcesBuildPhase;
			buildActionMask = 2147483647;
			files = (
			);
			runOnlyForDeploymentPostprocessing = 0;
		};
		E8AC08162EC11FBB008E37E6 /* Sources */ = {
			isa = PBXSourcesBuildPhase;
			buildActionMask = 2147483647;
			files = (
			);
			runOnlyForDeploymentPostprocessing = 0;
		};
/* End PBXSourcesBuildPhase section */

/* Begin PBXTargetDependency section */
		D421EA802ED4DD0100B327EB /* PBXTargetDependency */ = {
			isa = PBXTargetDependency;
			target = E8AC08192EC11FBB008E37E6 /* TextWarden */;
			targetProxy = D421EA7F2ED4DD0100B327EB /* PBXContainerItemProxy */;
		};
/* End PBXTargetDependency section */

/* Begin XCBuildConfiguration section */
		D421EA812ED4DD0100B327EB /* Debug */ = {
			isa = XCBuildConfiguration;
			buildSettings = {
				BUNDLE_LOADER = "$(TEST_HOST)";
				CODE_SIGN_STYLE = Automatic;
				CURRENT_PROJECT_VERSION = 1;
				DEAD_CODE_STRIPPING = YES;
				DEVELOPMENT_TEAM = 4S8278TRTP;
				ENABLE_USER_SCRIPT_SANDBOXING = YES;
				GENERATE_INFOPLIST_FILE = YES;
				MACOSX_DEPLOYMENT_TARGET = 26.0;
				MARKETING_VERSION = 1.0;
				PRODUCT_BUNDLE_IDENTIFIER = io.textwarden.TextWardenTests;
				PRODUCT_NAME = "$(TARGET_NAME)";
				SDKROOT = macosx;
				STRING_CATALOG_GENERATE_SYMBOLS = NO;
				SWIFT_APPROACHABLE_CONCURRENCY = YES;
				SWIFT_EMIT_LOC_STRINGS = NO;
				SWIFT_UPCOMING_FEATURE_MEMBER_IMPORT_VISIBILITY = YES;
				SWIFT_VERSION = 5.0;
				TEST_HOST = "$(BUILT_PRODUCTS_DIR)/TextWarden.app/$(BUNDLE_EXECUTABLE_FOLDER_PATH)/TextWarden";
			};
			name = Debug;
		};
		D421EA822ED4DD0100B327EB /* Release */ = {
			isa = XCBuildConfiguration;
			buildSettings = {
				BUNDLE_LOADER = "$(TEST_HOST)";
				CODE_SIGN_STYLE = Automatic;
				CURRENT_PROJECT_VERSION = 1;
				DEAD_CODE_STRIPPING = YES;
				DEVELOPMENT_TEAM = 4S8278TRTP;
				ENABLE_USER_SCRIPT_SANDBOXING = YES;
				GENERATE_INFOPLIST_FILE = YES;
				MACOSX_DEPLOYMENT_TARGET = 26.0;
				MARKETING_VERSION = 1.0;
				PRODUCT_BUNDLE_IDENTIFIER = io.textwarden.TextWardenTests;
				PRODUCT_NAME = "$(TARGET_NAME)";
				SDKROOT = macosx;
				STRING_CATALOG_GENERATE_SYMBOLS = NO;
				SWIFT_APPROACHABLE_CONCURRENCY = YES;
				SWIFT_EMIT_LOC_STRINGS = NO;
				SWIFT_UPCOMING_FEATURE_MEMBER_IMPORT_VISIBILITY = YES;
				SWIFT_VERSION = 5.0;
				TEST_HOST = "$(BUILT_PRODUCTS_DIR)/TextWarden.app/$(BUNDLE_EXECUTABLE_FOLDER_PATH)/TextWarden";
			};
			name = Release;
		};
		E8AC08232EC11FBD008E37E6 /* Debug */ = {
			isa = XCBuildConfiguration;
			buildSettings = {
				ALWAYS_SEARCH_USER_PATHS = NO;
				ASSETCATALOG_COMPILER_GENERATE_SWIFT_ASSET_SYMBOL_EXTENSIONS = YES;
				CLANG_ANALYZER_NONNULL = YES;
				CLANG_ANALYZER_NUMBER_OBJECT_CONVERSION = YES_AGGRESSIVE;
				CLANG_CXX_LANGUAGE_STANDARD = "gnu++20";
				CLANG_ENABLE_MODULES = YES;
				CLANG_ENABLE_OBJC_ARC = YES;
				CLANG_ENABLE_OBJC_WEAK = YES;
				CLANG_WARN_BLOCK_CAPTURE_AUTORELEASING = YES;
				CLANG_WARN_BOOL_CONVERSION = YES;
				CLANG_WARN_COMMA = YES;
				CLANG_WARN_CONSTANT_CONVERSION = YES;
				CLANG_WARN_DEPRECATED_OBJC_IMPLEMENTATIONS = YES;
				CLANG_WARN_DIRECT_OBJC_ISA_USAGE = YES_ERROR;
				CLANG_WARN_DOCUMENTATION_COMMENTS = YES;
				CLANG_WARN_EMPTY_BODY = YES;
				CLANG_WARN_ENUM_CONVERSION = YES;
				CLANG_WARN_INFINITE_RECURSION = YES;
				CLANG_WARN_INT_CONVERSION = YES;
				CLANG_WARN_NON_LITERAL_NULL_CONVERSION = YES;
				CLANG_WARN_OBJC_IMPLICIT_RETAIN_SELF = YES;
				CLANG_WARN_OBJC_LITERAL_CONVERSION = YES;
				CLANG_WARN_OBJC_ROOT_CLASS = YES_ERROR;
				CLANG_WARN_QUOTED_INCLUDE_IN_FRAMEWORK_HEADER = YES;
				CLANG_WARN_RANGE_LOOP_ANALYSIS = YES;
				CLANG_WARN_STRICT_PROTOTYPES = YES;
				CLANG_WARN_SUSPICIOUS_MOVE = YES;
				CLANG_WARN_UNGUARDED_AVAILABILITY = YES_AGGRESSIVE;
				CLANG_WARN_UNREACHABLE_CODE = YES;
				CLANG_WARN__DUPLICATE_METHOD_MATCH = YES;
				COPY_PHASE_STRIP = NO;
				DEAD_CODE_STRIPPING = YES;
				DEBUG_INFORMATION_FORMAT = dwarf;
				DEVELOPMENT_TEAM = 4S8278TRTP;
				ENABLE_STRICT_OBJC_MSGSEND = YES;
				ENABLE_TESTABILITY = YES;
				ENABLE_USER_SCRIPT_SANDBOXING = NO;
				GCC_C_LANGUAGE_STANDARD = gnu17;
				GCC_DYNAMIC_NO_PIC = NO;
				GCC_NO_COMMON_BLOCKS = YES;
				GCC_OPTIMIZATION_LEVEL = 0;
				GCC_PREPROCESSOR_DEFINITIONS = (
					"DEBUG=1",
					"$(inherited)",
				);
				GCC_WARN_64_TO_32_BIT_CONVERSION = YES;
				GCC_WARN_ABOUT_RETURN_TYPE = YES_ERROR;
				GCC_WARN_UNDECLARED_SELECTOR = YES;
				GCC_WARN_UNINITIALIZED_AUTOS = YES_AGGRESSIVE;
				GCC_WARN_UNUSED_FUNCTION = YES;
				GCC_WARN_UNUSED_VARIABLE = YES;
				LOCALIZATION_PREFERS_STRING_CATALOGS = YES;
				MTL_ENABLE_DEBUG_INFO = INCLUDE_SOURCE;
				MTL_FAST_MATH = YES;
				ONLY_ACTIVE_ARCH = YES;
				STRING_CATALOG_GENERATE_SYMBOLS = YES;
				SWIFT_ACTIVE_COMPILATION_CONDITIONS = "DEBUG $(inherited)";
				SWIFT_OPTIMIZATION_LEVEL = "-Onone";
			};
			name = Debug;
		};
		E8AC08242EC11FBD008E37E6 /* Release */ = {
			isa = XCBuildConfiguration;
			buildSettings = {
				ALWAYS_SEARCH_USER_PATHS = NO;
				ASSETCATALOG_COMPILER_GENERATE_SWIFT_ASSET_SYMBOL_EXTENSIONS = YES;
				CLANG_ANALYZER_NONNULL = YES;
				CLANG_ANALYZER_NUMBER_OBJECT_CONVERSION = YES_AGGRESSIVE;
				CLANG_CXX_LANGUAGE_STANDARD = "gnu++20";
				CLANG_ENABLE_MODULES = YES;
				CLANG_ENABLE_OBJC_ARC = YES;
				CLANG_ENABLE_OBJC_WEAK = YES;
				CLANG_WARN_BLOCK_CAPTURE_AUTORELEASING = YES;
				CLANG_WARN_BOOL_CONVERSION = YES;
				CLANG_WARN_COMMA = YES;
				CLANG_WARN_CONSTANT_CONVERSION = YES;
				CLANG_WARN_DEPRECATED_OBJC_IMPLEMENTATIONS = YES;
				CLANG_WARN_DIRECT_OBJC_ISA_USAGE = YES_ERROR;
				CLANG_WARN_DOCUMENTATION_COMMENTS = YES;
				CLANG_WARN_EMPTY_BODY = YES;
				CLANG_WARN_ENUM_CONVERSION = YES;
				CLANG_WARN_INFINITE_RECURSION = YES;
				CLANG_WARN_INT_CONVERSION = YES;
				CLANG_WARN_NON_LITERAL_NULL_CONVERSION = YES;
				CLANG_WARN_OBJC_IMPLICIT_RETAIN_SELF = YES;
				CLANG_WARN_OBJC_LITERAL_CONVERSION = YES;
				CLANG_WARN_OBJC_ROOT_CLASS = YES_ERROR;
				CLANG_WARN_QUOTED_INCLUDE_IN_FRAMEWORK_HEADER = YES;
				CLANG_WARN_RANGE_LOOP_ANALYSIS = YES;
				CLANG_WARN_STRICT_PROTOTYPES = YES;
				CLANG_WARN_SUSPICIOUS_MOVE = YES;
				CLANG_WARN_UNGUARDED_AVAILABILITY = YES_AGGRESSIVE;
				CLANG_WARN_UNREACHABLE_CODE = YES;
				CLANG_WARN__DUPLICATE_METHOD_MATCH = YES;
				COPY_PHASE_STRIP = NO;
				DEAD_CODE_STRIPPING = YES;
				DEBUG_INFORMATION_FORMAT = "dwarf-with-dsym";
				DEVELOPMENT_TEAM = 4S8278TRTP;
				ENABLE_NS_ASSERTIONS = NO;
				ENABLE_STRICT_OBJC_MSGSEND = YES;
				ENABLE_USER_SCRIPT_SANDBOXING = NO;
				GCC_C_LANGUAGE_STANDARD = gnu17;
				GCC_NO_COMMON_BLOCKS = YES;
				GCC_WARN_64_TO_32_BIT_CONVERSION = YES;
				GCC_WARN_ABOUT_RETURN_TYPE = YES_ERROR;
				GCC_WARN_UNDECLARED_SELECTOR = YES;
				GCC_WARN_UNINITIALIZED_AUTOS = YES_AGGRESSIVE;
				GCC_WARN_UNUSED_FUNCTION = YES;
				GCC_WARN_UNUSED_VARIABLE = YES;
				LOCALIZATION_PREFERS_STRING_CATALOGS = YES;
				MTL_ENABLE_DEBUG_INFO = NO;
				MTL_FAST_MATH = YES;
				STRING_CATALOG_GENERATE_SYMBOLS = YES;
				SWIFT_COMPILATION_MODE = wholemodule;
			};
			name = Release;
		};
		E8AC08262EC11FBD008E37E6 /* Debug */ = {
			isa = XCBuildConfiguration;
			buildSettings = {
				ASSETCATALOG_COMPILER_APPICON_NAME = textwarden_logo;
				ASSETCATALOG_COMPILER_GLOBAL_ACCENT_COLOR_NAME = AccentColor;
				"CODE_SIGN_IDENTITY[sdk=macosx*]" = "Apple Development";
				CODE_SIGN_STYLE = Automatic;
				CURRENT_PROJECT_VERSION = 1;
				DEAD_CODE_STRIPPING = YES;
				DEVELOPMENT_TEAM = 4S8278TRTP;
				ENABLE_APP_SANDBOX = NO;
				ENABLE_HARDENED_RUNTIME = YES;
				ENABLE_PREVIEWS = YES;
				ENABLE_USER_SELECTED_FILES = readonly;
				GENERATE_INFOPLIST_FILE = NO;
				HEADER_SEARCH_PATHS = "$(PROJECT_DIR)/Sources/GrammarBridge";
				INFOPLIST_FILE = Info.plist;
				"INFOPLIST_KEY_UIApplicationSceneManifest_Generation[sdk=iphoneos*]" = YES;
				"INFOPLIST_KEY_UIApplicationSceneManifest_Generation[sdk=iphonesimulator*]" = YES;
				"INFOPLIST_KEY_UIApplicationSupportsIndirectInputEvents[sdk=iphoneos*]" = YES;
				"INFOPLIST_KEY_UIApplicationSupportsIndirectInputEvents[sdk=iphonesimulator*]" = YES;
				"INFOPLIST_KEY_UILaunchScreen_Generation[sdk=iphoneos*]" = YES;
				"INFOPLIST_KEY_UILaunchScreen_Generation[sdk=iphonesimulator*]" = YES;
				"INFOPLIST_KEY_UIStatusBarStyle[sdk=iphoneos*]" = UIStatusBarStyleDefault;
				"INFOPLIST_KEY_UIStatusBarStyle[sdk=iphonesimulator*]" = UIStatusBarStyleDefault;
				INFOPLIST_KEY_UISupportedInterfaceOrientations_iPad = "UIInterfaceOrientationPortrait UIInterfaceOrientationPortraitUpsideDown UIInterfaceOrientationLandscapeLeft UIInterfaceOrientationLandscapeRight";
				INFOPLIST_KEY_UISupportedInterfaceOrientations_iPhone = "UIInterfaceOrientationPortrait UIInterfaceOrientationLandscapeLeft UIInterfaceOrientationLandscapeRight";
				IPHONEOS_DEPLOYMENT_TARGET = 26.1;
				LD_RUNPATH_SEARCH_PATHS = "@executable_path/Frameworks";
				"LD_RUNPATH_SEARCH_PATHS[sdk=macosx*]" = "@executable_path/../Frameworks";
				LIBRARY_SEARCH_PATHS = "$(PROJECT_DIR)/GrammarEngine/target";
				MACOSX_DEPLOYMENT_TARGET = 14.0;
				MARKETING_VERSION = 1.0;
				OTHER_LDFLAGS = (
					"-lgrammar_engine_universal",
					"-framework",
					SystemConfiguration,
					"-framework",
					OpenDirectory,
				);
				PRODUCT_BUNDLE_IDENTIFIER = io.textwarden.TextWarden;
				PRODUCT_NAME = "$(TARGET_NAME)";
				REGISTER_APP_GROUPS = YES;
				SDKROOT = auto;
				STRING_CATALOG_GENERATE_SYMBOLS = YES;
				SUPPORTED_PLATFORMS = "iphoneos iphonesimulator macosx xros xrsimulator";
				SWIFT_APPROACHABLE_CONCURRENCY = YES;
				SWIFT_DEFAULT_ACTOR_ISOLATION = unspecified;
				SWIFT_EMIT_LOC_STRINGS = YES;
				SWIFT_OBJC_BRIDGING_HEADER = "Sources/GrammarBridge/TextWarden-Bridging-Header.h";
				SWIFT_UPCOMING_FEATURE_MEMBER_IMPORT_VISIBILITY = YES;
				SWIFT_VERSION = 5.0;
				TARGETED_DEVICE_FAMILY = "1,2,7";
				XROS_DEPLOYMENT_TARGET = 26.1;
			};
			name = Debug;
		};
		E8AC08272EC11FBD008E37E6 /* Release */ = {
			isa = XCBuildConfiguration;
			buildSettings = {
				ASSETCATALOG_COMPILER_APPICON_NAME = textwarden_logo;
				ASSETCATALOG_COMPILER_GLOBAL_ACCENT_COLOR_NAME = AccentColor;
				"CODE_SIGN_IDENTITY[sdk=macosx*]" = "Apple Development";
				CODE_SIGN_STYLE = Automatic;
				CURRENT_PROJECT_VERSION = 1;
				DEAD_CODE_STRIPPING = YES;
				DEVELOPMENT_TEAM = 4S8278TRTP;
				ENABLE_APP_SANDBOX = NO;
				ENABLE_HARDENED_RUNTIME = YES;
				ENABLE_PREVIEWS = YES;
				ENABLE_USER_SELECTED_FILES = readonly;
				GENERATE_INFOPLIST_FILE = NO;
				HEADER_SEARCH_PATHS = "$(PROJECT_DIR)/Sources/GrammarBridge";
				INFOPLIST_FILE = Info.plist;
				"INFOPLIST_KEY_UIApplicationSceneManifest_Generation[sdk=iphoneos*]" = YES;
				"INFOPLIST_KEY_UIApplicationSceneManifest_Generation[sdk=iphonesimulator*]" = YES;
				"INFOPLIST_KEY_UIApplicationSupportsIndirectInputEvents[sdk=iphoneos*]" = YES;
				"INFOPLIST_KEY_UIApplicationSupportsIndirectInputEvents[sdk=iphonesimulator*]" = YES;
				"INFOPLIST_KEY_UILaunchScreen_Generation[sdk=iphoneos*]" = YES;
				"INFOPLIST_KEY_UILaunchScreen_Generation[sdk=iphonesimulator*]" = YES;
				"INFOPLIST_KEY_UIStatusBarStyle[sdk=iphoneos*]" = UIStatusBarStyleDefault;
				"INFOPLIST_KEY_UIStatusBarStyle[sdk=iphonesimulator*]" = UIStatusBarStyleDefault;
				INFOPLIST_KEY_UISupportedInterfaceOrientations_iPad = "UIInterfaceOrientationPortrait UIInterfaceOrientationPortraitUpsideDown UIInterfaceOrientationLandscapeLeft UIInterfaceOrientationLandscapeRight";
				INFOPLIST_KEY_UISupportedInterfaceOrientations_iPhone = "UIInterfaceOrientationPortrait UIInterfaceOrientationLandscapeLeft UIInterfaceOrientationLandscapeRight";
				IPHONEOS_DEPLOYMENT_TARGET = 26.1;
				LD_RUNPATH_SEARCH_PATHS = "@executable_path/Frameworks";
				"LD_RUNPATH_SEARCH_PATHS[sdk=macosx*]" = "@executable_path/../Frameworks";
				LIBRARY_SEARCH_PATHS = "$(PROJECT_DIR)/GrammarEngine/target";
				MACOSX_DEPLOYMENT_TARGET = 14.0;
				MARKETING_VERSION = 1.0;
				OTHER_LDFLAGS = (
					"-lgrammar_engine_universal",
					"-framework",
					SystemConfiguration,
					"-framework",
					OpenDirectory,
				);
				PRODUCT_BUNDLE_IDENTIFIER = io.textwarden.TextWarden;
				PRODUCT_NAME = "$(TARGET_NAME)";
				REGISTER_APP_GROUPS = YES;
				SDKROOT = auto;
				STRING_CATALOG_GENERATE_SYMBOLS = YES;
				SUPPORTED_PLATFORMS = "iphoneos iphonesimulator macosx xros xrsimulator";
				SWIFT_APPROACHABLE_CONCURRENCY = YES;
				SWIFT_DEFAULT_ACTOR_ISOLATION = unspecified;
				SWIFT_EMIT_LOC_STRINGS = YES;
				SWIFT_OBJC_BRIDGING_HEADER = "Sources/GrammarBridge/TextWarden-Bridging-Header.h";
				SWIFT_UPCOMING_FEATURE_MEMBER_IMPORT_VISIBILITY = YES;
				SWIFT_VERSION = 5.0;
				TARGETED_DEVICE_FAMILY = "1,2,7";
				XROS_DEPLOYMENT_TARGET = 26.1;
			};
			name = Release;
		};
/* End XCBuildConfiguration section */

/* Begin XCConfigurationList section */
		D421EA832ED4DD0100B327EB /* Build configuration list for PBXNativeTarget "TextWardenTests" */ = {
			isa = XCConfigurationList;
			buildConfigurations = (
				D421EA812ED4DD0100B327EB /* Debug */,
				D421EA822ED4DD0100B327EB /* Release */,
			);
			defaultConfigurationIsVisible = 0;
			defaultConfigurationName = Release;
		};
		E8AC08152EC11FBB008E37E6 /* Build configuration list for PBXProject "TextWarden" */ = {
			isa = XCConfigurationList;
			buildConfigurations = (
				E8AC08232EC11FBD008E37E6 /* Debug */,
				E8AC08242EC11FBD008E37E6 /* Release */,
			);
			defaultConfigurationIsVisible = 0;
			defaultConfigurationName = Release;
		};
		E8AC08252EC11FBD008E37E6 /* Build configuration list for PBXNativeTarget "TextWarden" */ = {
			isa = XCConfigurationList;
			buildConfigurations = (
				E8AC08262EC11FBD008E37E6 /* Debug */,
				E8AC08272EC11FBD008E37E6 /* Release */,
			);
			defaultConfigurationIsVisible = 0;
			defaultConfigurationName = Release;
		};
/* End XCConfigurationList section */

/* Begin XCRemoteSwiftPackageReference section */
		D48CD6962EDF31D9004B9B44 /* XCRemoteSwiftPackageReference "Sparkle" */ = {
			isa = XCRemoteSwiftPackageReference;
			repositoryURL = "https://github.com/sparkle-project/Sparkle";
			requirement = {
				kind = upToNextMajorVersion;
				minimumVersion = 2.0.0;
			};
		};
		D48EA1242ED3B88E00CC5B73 /* XCRemoteSwiftPackageReference "LaunchAtLogin-Modern" */ = {
			isa = XCRemoteSwiftPackageReference;
			repositoryURL = "https://github.com/sindresorhus/LaunchAtLogin-Modern";
			requirement = {
				kind = upToNextMajorVersion;
				minimumVersion = 1.0.0;
			};
		};
		D48EA2142ED3B9D900CC5B73 /* XCRemoteSwiftPackageReference "KeyboardShortcuts" */ = {
			isa = XCRemoteSwiftPackageReference;
			repositoryURL = "https://github.com/sindresorhus/KeyboardShortcuts";
			requirement = {
				kind = upToNextMajorVersion;
				minimumVersion = 2.0.0;
			};
		};
		D4CONF1012F0E000000000001 /* XCRemoteSwiftPackageReference "ConfettiSwiftUI" */ = {
			isa = XCRemoteSwiftPackageReference;
			repositoryURL = "https://github.com/simibac/ConfettiSwiftUI";
			requirement = {
				kind = upToNextMajorVersion;
				minimumVersion = 2.0.0;
			};
		};
		D4MARK0032F1000000000003 /* XCRemoteSwiftPackageReference "swift-markdown" */ = {
			isa = XCRemoteSwiftPackageReference;
			repositoryURL = "https://github.com/apple/swift-markdown";
			requirement = {
				kind = upToNextMajorVersion;
				minimumVersion = 0.4.0;
			};
		};
		D4STTV0032F2000000000003 /* XCRemoteSwiftPackageReference "STTextView" */ = {
			isa = XCRemoteSwiftPackageReference;
			repositoryURL = "https://github.com/krzyzanowskim/STTextView";
			requirement = {
				kind = upToNextMajorVersion;
				minimumVersion = 2.2.0;
			};
		};
/* End XCRemoteSwiftPackageReference section */

/* Begin XCSwiftPackageProductDependency section */
		D48CD6982EDF31D9004B9B44 /* Sparkle */ = {
			isa = XCSwiftPackageProductDependency;
			package = D48CD6962EDF31D9004B9B44 /* XCRemoteSwiftPackageReference "Sparkle" */;
			productName = Sparkle;
		};
		D48EA1252ED3B88E00CC5B73 /* LaunchAtLogin */ = {
			isa = XCSwiftPackageProductDependency;
			package = D48EA1242ED3B88E00CC5B73 /* XCRemoteSwiftPackageReference "LaunchAtLogin-Modern" */;
			productName = LaunchAtLogin;
		};
		D48EA2152ED3B9D900CC5B73 /* KeyboardShortcuts */ = {
			isa = XCSwiftPackageProductDependency;
			package = D48EA2142ED3B9D900CC5B73 /* XCRemoteSwiftPackageReference "KeyboardShortcuts" */;
			productName = KeyboardShortcuts;
		};
		D4CONF1022F0E000000000002 /* ConfettiSwiftUI */ = {
			isa = XCSwiftPackageProductDependency;
			package = D4CONF1012F0E000000000001 /* XCRemoteSwiftPackageReference "ConfettiSwiftUI" */;
			productName = ConfettiSwiftUI;
		};
		D4MARK0022F1000000000002 /* Markdown */ = {
			isa = XCSwiftPackageProductDependency;
			package = D4MARK0032F1000000000003 /* XCRemoteSwiftPackageReference "swift-markdown" */;
			productName = Markdown;
		};
		D4STTV0052F2000000000005 /* STTextView */ = {
			isa = XCSwiftPackageProductDependency;
			package = D4STTV0032F2000000000003 /* XCRemoteSwiftPackageReference "STTextView" */;
			productName = STTextView;
		};
/* End XCSwiftPackageProductDependency section */
	};
	rootObject = E8AC08122EC11FBB008E37E6 /* Project object */;
}
